
Microsoft Visual Studio Solution File, Format Version 12.00
# Visual Studio Version 16
VisualStudioVersion = 16.0.30225.117
MinimumVisualStudioVersion = 10.0.40219.1
Project("{FAE04EC0-301F-11D3-BF4B-00C04F79EFBC}") = "second_lab_oop", "second_lab_oop.csproj", "{775672EA-E8E5-41C5-92C6-895809E98353}"
EndProject
Global
	GlobalSection(SolutionConfigurationPlatforms) = preSolution
		Debug|Any CPU = Debug|Any CPU
		Release|Any CPU = Release|Any CPU
	EndGlobalSection
	GlobalSection(ProjectConfigurationPlatforms) = postSolution
		{775672EA-E8E5-41C5-92C6-895809E98353}.Debug|Any CPU.ActiveCfg = Debug|Any CPU
		{775672EA-E8E5-41C5-92C6-895809E98353}.Debug|Any CPU.Build.0 = Debug|Any CPU
		{775672EA-E8E5-41C5-92C6-895809E98353}.Release|Any CPU.ActiveCfg = Release|Any CPU
		{775672EA-E8E5-41C5-92C6-895809E98353}.Release|Any CPU.Build.0 = Release|Any CPU
	EndGlobalSection
	GlobalSection(SolutionProperties) = preSolution
		HideSolutionNode = FALSE
	EndGlobalSection
	GlobalSection(ExtensibilityGlobals) = postSolution
		SolutionGuid = {8ED41D29-ADFC-47D2-9528-CB455C7D1EE3}
	EndGlobalSection
EndGlobal
